# NOTICE: This lockfile contains some overrides from shard.override.yml
version: 2.0
shards:
  crimage: # Overridden
    git: https://github.com/naqvis/crimage.git
    version: 1.0.4+git.commit.b65f67df27f4cb8807a34d94a90dfd4162acf45a

  tempdir:
    git: https://github.com/lugia-kun/tempdir.git
    version: 0.2.0

